
Microsoft Visual Studio Solution File, Format Version 12.00
# Visual Studio Version 16
VisualStudioVersion = 16.0.30114.105
MinimumVisualStudioVersion = 10.0.40219.1
Project("{FAE04EC0-301F-11D3-BF4B-00C04F79EFBC}") = "application", "Api.Application\application.csproj", "{69EB9EE1-AAA7-4F82-A387-DCF01F4D3187}"
EndProject
Project("{FAE04EC0-301F-11D3-BF4B-00C04F79EFBC}") = "Domain", "Api.Domain\Domain.csproj", "{DFA06639-642C-4A40-AFF3-770933E6AAC2}"
EndProject
Project("{FAE04EC0-301F-11D3-BF4B-00C04F79EFBC}") = "CrossCutting", "Api.CrossCutting\CrossCutting.csproj", "{74D22096-EA2D-4FC8-A0FB-E34F1850A3A0}"
EndProject
Project("{FAE04EC0-301F-11D3-BF4B-00C04F79EFBC}") = "Data", "Api.Data\Data.csproj", "{F532B449-6E34-43CB-95BE-2C98C8CFDA75}"
EndProject
Project("{FAE04EC0-301F-11D3-BF4B-00C04F79EFBC}") = "Service", "Api.Service\Service.csproj", "{CFDE8098-5046-45F3-BCDB-CE9ACFB30B88}"
EndProject
Global
	GlobalSection(SolutionConfigurationPlatforms) = preSolution
		Debug|Any CPU = Debug|Any CPU
		Release|Any CPU = Release|Any CPU
	EndGlobalSection
	GlobalSection(SolutionProperties) = preSolution
		HideSolutionNode = FALSE
	EndGlobalSection
	GlobalSection(ProjectConfigurationPlatforms) = postSolution
		{69EB9EE1-AAA7-4F82-A387-DCF01F4D3187}.Debug|Any CPU.ActiveCfg = Debug|Any CPU
		{69EB9EE1-AAA7-4F82-A387-DCF01F4D3187}.Debug|Any CPU.Build.0 = Debug|Any CPU
		{69EB9EE1-AAA7-4F82-A387-DCF01F4D3187}.Release|Any CPU.ActiveCfg = Release|Any CPU
		{69EB9EE1-AAA7-4F82-A387-DCF01F4D3187}.Release|Any CPU.Build.0 = Release|Any CPU
		{DFA06639-642C-4A40-AFF3-770933E6AAC2}.Debug|Any CPU.ActiveCfg = Debug|Any CPU
		{DFA06639-642C-4A40-AFF3-770933E6AAC2}.Debug|Any CPU.Build.0 = Debug|Any CPU
		{DFA06639-642C-4A40-AFF3-770933E6AAC2}.Release|Any CPU.ActiveCfg = Release|Any CPU
		{DFA06639-642C-4A40-AFF3-770933E6AAC2}.Release|Any CPU.Build.0 = Release|Any CPU
		{74D22096-EA2D-4FC8-A0FB-E34F1850A3A0}.Debug|Any CPU.ActiveCfg = Debug|Any CPU
		{74D22096-EA2D-4FC8-A0FB-E34F1850A3A0}.Debug|Any CPU.Build.0 = Debug|Any CPU
		{74D22096-EA2D-4FC8-A0FB-E34F1850A3A0}.Release|Any CPU.ActiveCfg = Release|Any CPU
		{74D22096-EA2D-4FC8-A0FB-E34F1850A3A0}.Release|Any CPU.Build.0 = Release|Any CPU
		{F532B449-6E34-43CB-95BE-2C98C8CFDA75}.Debug|Any CPU.ActiveCfg = Debug|Any CPU
		{F532B449-6E34-43CB-95BE-2C98C8CFDA75}.Debug|Any CPU.Build.0 = Debug|Any CPU
		{F532B449-6E34-43CB-95BE-2C98C8CFDA75}.Release|Any CPU.ActiveCfg = Release|Any CPU
		{F532B449-6E34-43CB-95BE-2C98C8CFDA75}.Release|Any CPU.Build.0 = Release|Any CPU
		{CFDE8098-5046-45F3-BCDB-CE9ACFB30B88}.Debug|Any CPU.ActiveCfg = Debug|Any CPU
		{CFDE8098-5046-45F3-BCDB-CE9ACFB30B88}.Debug|Any CPU.Build.0 = Debug|Any CPU
		{CFDE8098-5046-45F3-BCDB-CE9ACFB30B88}.Release|Any CPU.ActiveCfg = Release|Any CPU
		{CFDE8098-5046-45F3-BCDB-CE9ACFB30B88}.Release|Any CPU.Build.0 = Release|Any CPU
	EndGlobalSection
EndGlobal
